{
  "object": {
    "pins": [
      {
        "package": "combine-schedulers",
        "repositoryURL": "https://github.com/pointfreeco/combine-schedulers",
        "state": {
          "branch": null,
          "revision": "6dcc7c034d28fe7ac652453faeae07656f723909",
          "version": "0.5.1"
        }
      },
      {
        "package": "CombineExt",
        "repositoryURL": "https://github.com/CombineCommunity/CombineExt.git",
        "state": {
          "branch": null,
          "revision": "5b8a0c0f178527f9204200505c5fefa6847e528f",
          "version": "1.3.0"
        }
      },
      {
        "package": "swift-case-paths",
        "repositoryURL": "https://github.com/pointfreeco/swift-case-paths",
        "state": {
          "branch": null,
          "revision": "d226d167bd4a68b51e352af5655c92bce8ee0463",
          "version": "0.7.0"
        }
      },
      {
        "package": "core",
        "repositoryURL": "https://github.com/Qase/swift-core.git",
        "state": {
          "branch": "master",
          "revision": "9496f8c2783e34c7eb92d03a7146a616c412cb70",
          "version": null
        }
      },
      {
        "package": "Overture",
        "repositoryURL": "https://github.com/pointfreeco/swift-overture.git",
        "state": {
          "branch": null,
          "revision": "7977acd7597f413717058acc1e080731249a1d7e",
          "version": "0.5.0"
        }
      },
      {
        "package": "overture-operators",
        "repositoryURL": "https://github.com/Qase/swift-overture-operators.git",
        "state": {
          "branch": "master",
          "revision": "e859d04918bbbdae5032c1ee08682b304b4d8e9e",
          "version": null
        }
      },
      {
        "package": "xctest-dynamic-overlay",
        "repositoryURL": "https://github.com/pointfreeco/xctest-dynamic-overlay",
        "state": {
          "branch": null,
          "revision": "b9eeb1a7ea3fd6fea54ce57dee2f5794b667c8df",
          "version": "0.2.0"
        }
      }
    ]
  },
  "version": 1
}
